
Microsoft Visual Studio Solution File, Format Version 12.00
# Visual Studio Version 17
VisualStudioVersion = 17.3.32819.101
MinimumVisualStudioVersion = 10.0.40219.1
Project("{FAE04EC0-301F-11D3-BF4B-00C04F79EFBC}") = "APIJeuMnemonique", "APIJeuMnemonique.csproj", "{59C72959-557D-4D5F-BCB8-60DA3C0830D7}"
EndProject
Global
	GlobalSection(SolutionConfigurationPlatforms) = preSolution
		Debug|Any CPU = Debug|Any CPU
		Release|Any CPU = Release|Any CPU
		SelfHost|Any CPU = SelfHost|Any CPU
	EndGlobalSection
	GlobalSection(ProjectConfigurationPlatforms) = postSolution
		{59C72959-557D-4D5F-BCB8-60DA3C0830D7}.Debug|Any CPU.ActiveCfg = Debug|Any CPU
		{59C72959-557D-4D5F-BCB8-60DA3C0830D7}.Debug|Any CPU.Build.0 = Debug|Any CPU
		{59C72959-557D-4D5F-BCB8-60DA3C0830D7}.Release|Any CPU.ActiveCfg = Release|Any CPU
		{59C72959-557D-4D5F-BCB8-60DA3C0830D7}.Release|Any CPU.Build.0 = Release|Any CPU
		{59C72959-557D-4D5F-BCB8-60DA3C0830D7}.SelfHost|Any CPU.ActiveCfg = SelfHost|Any CPU
		{59C72959-557D-4D5F-BCB8-60DA3C0830D7}.SelfHost|Any CPU.Build.0 = SelfHost|Any CPU
	EndGlobalSection
	GlobalSection(SolutionProperties) = preSolution
		HideSolutionNode = FALSE
	EndGlobalSection
	GlobalSection(ExtensibilityGlobals) = postSolution
		SolutionGuid = {FF4FC6C1-6027-4328-88B7-60E8E223DE39}
	EndGlobalSection
EndGlobal
